// !$*UTF8*$!
{
	archiveVersion = 1;
	classes = {
	};
	objectVersion = 56;
	objects = {

/* Begin PBXBuildFile section */
		541A8D822A65F45200F92746 /* CornerRadius +Ext.swift in Sources */ = {isa = PBXBuildFile; fileRef = 541A8D812A65F45200F92746 /* CornerRadius +Ext.swift */; };
		541A8D842A65F5B700F92746 /* HexColor +Ext.swift in Sources */ = {isa = PBXBuildFile; fileRef = 541A8D832A65F5B700F92746 /* HexColor +Ext.swift */; };
		543EC7542A66ECD200B3F443 /* TabBarSelectionManager.swift in Sources */ = {isa = PBXBuildFile; fileRef = 543EC7532A66ECD200B3F443 /* TabBarSelectionManager.swift */; };
		54A2407A2A6739CD000BABC6 /* Course.swift in Sources */ = {isa = PBXBuildFile; fileRef = 54A240782A6739CD000BABC6 /* Course.swift */; };
		54A2407B2A6739CD000BABC6 /* CourseSection.swift in Sources */ = {isa = PBXBuildFile; fileRef = 54A240792A6739CD000BABC6 /* CourseSection.swift */; };
		54A2407D2A6739F2000BABC6 /* VCard.swift in Sources */ = {isa = PBXBuildFile; fileRef = 54A2407C2A6739F2000BABC6 /* VCard.swift */; };
		54A2407F2A674043000BABC6 /* HCard.swift in Sources */ = {isa = PBXBuildFile; fileRef = 54A2407E2A674043000BABC6 /* HCard.swift */; };
		54A240812A6741B9000BABC6 /* HomeView.swift in Sources */ = {isa = PBXBuildFile; fileRef = 54A240802A6741B9000BABC6 /* HomeView.swift */; };
		54A240832A67F75C000BABC6 /* SideMenu.swift in Sources */ = {isa = PBXBuildFile; fileRef = 54A240822A67F75C000BABC6 /* SideMenu.swift */; };
		54A240852A681349000BABC6 /* MenuItem.swift in Sources */ = {isa = PBXBuildFile; fileRef = 54A240842A681349000BABC6 /* MenuItem.swift */; };
		54A240872A681AB3000BABC6 /* MenuRow.swift in Sources */ = {isa = PBXBuildFile; fileRef = 54A240862A681AB3000BABC6 /* MenuRow.swift */; };
		54DA07392A66B8D100B771EB /* TabBar.swift in Sources */ = {isa = PBXBuildFile; fileRef = 54DA07382A66B8D100B771EB /* TabBar.swift */; };
		54DA073B2A66BAB100B771EB /* TabItemModel.swift in Sources */ = {isa = PBXBuildFile; fileRef = 54DA073A2A66BAB100B771EB /* TabItemModel.swift */; };
		54F72EF62A65C71F00C2168A /* AnimatedApp.swift in Sources */ = {isa = PBXBuildFile; fileRef = 54F72EF52A65C71F00C2168A /* AnimatedApp.swift */; };
		54F72EF82A65C71F00C2168A /* ContentView.swift in Sources */ = {isa = PBXBuildFile; fileRef = 54F72EF72A65C71F00C2168A /* ContentView.swift */; };
		54F72EFA2A65C72100C2168A /* Assets.xcassets in Resources */ = {isa = PBXBuildFile; fileRef = 54F72EF92A65C72100C2168A /* Assets.xcassets */; };
		54F72EFD2A65C72100C2168A /* Preview Assets.xcassets in Resources */ = {isa = PBXBuildFile; fileRef = 54F72EFC2A65C72100C2168A /* Preview Assets.xcassets */; };
		54F72F0B2A65C7ED00C2168A /* house.riv in Resources */ = {isa = PBXBuildFile; fileRef = 54F72F042A65C7EC00C2168A /* house.riv */; };
		54F72F0C2A65C7ED00C2168A /* confetti.riv in Resources */ = {isa = PBXBuildFile; fileRef = 54F72F052A65C7EC00C2168A /* confetti.riv */; };
		54F72F0D2A65C7ED00C2168A /* check.riv in Resources */ = {isa = PBXBuildFile; fileRef = 54F72F062A65C7EC00C2168A /* check.riv */; };
		54F72F0E2A65C7ED00C2168A /* menu_button.riv in Resources */ = {isa = PBXBuildFile; fileRef = 54F72F072A65C7ED00C2168A /* menu_button.riv */; };
		54F72F0F2A65C7ED00C2168A /* shapes.riv in Resources */ = {isa = PBXBuildFile; fileRef = 54F72F082A65C7ED00C2168A /* shapes.riv */; };
		54F72F102A65C7ED00C2168A /* button.riv in Resources */ = {isa = PBXBuildFile; fileRef = 54F72F092A65C7ED00C2168A /* button.riv */; };
		54F72F112A65C7ED00C2168A /* icons.riv in Resources */ = {isa = PBXBuildFile; fileRef = 54F72F0A2A65C7ED00C2168A /* icons.riv */; };
		54F72F142A65C88E00C2168A /* RiveRuntime in Frameworks */ = {isa = PBXBuildFile; productRef = 54F72F132A65C88E00C2168A /* RiveRuntime */; };
		54F72F192A65C8D100C2168A /* OnboardingView.swift in Sources */ = {isa = PBXBuildFile; fileRef = 54F72F182A65C8D100C2168A /* OnboardingView.swift */; };
		54F72F1E2A65D29200C2168A /* Inter-Regular.ttf in Resources */ = {isa = PBXBuildFile; fileRef = 54F72F1B2A65D29200C2168A /* Inter-Regular.ttf */; };
		54F72F1F2A65D29200C2168A /* Poppins-Bold.ttf in Resources */ = {isa = PBXBuildFile; fileRef = 54F72F1C2A65D29200C2168A /* Poppins-Bold.ttf */; };
		54F72F202A65D29200C2168A /* Inter-SemiBold.ttf in Resources */ = {isa = PBXBuildFile; fileRef = 54F72F1D2A65D29200C2168A /* Inter-SemiBold.ttf */; };
		54F72F242A65D56F00C2168A /* CustomFont.swift in Sources */ = {isa = PBXBuildFile; fileRef = 54F72F232A65D56F00C2168A /* CustomFont.swift */; };
		54F72F262A65DB0D00C2168A /* SignInView.swift in Sources */ = {isa = PBXBuildFile; fileRef = 54F72F252A65DB0D00C2168A /* SignInView.swift */; };
		54F72F282A65E0E000C2168A /* CustomTextField.swift in Sources */ = {isa = PBXBuildFile; fileRef = 54F72F272A65E0E000C2168A /* CustomTextField.swift */; };
/* End PBXBuildFile section */

/* Begin PBXFileReference section */
		540ADBC12A6860B800185862 /* AYY Section.riv */ = {isa = PBXFileReference; lastKnownFileType = file; path = "AYY Section.riv"; sourceTree = "<group>"; };
		541A8D812A65F45200F92746 /* CornerRadius +Ext.swift */ = {isa = PBXFileReference; lastKnownFileType = sourcecode.swift; path = "CornerRadius +Ext.swift"; sourceTree = "<group>"; };
		541A8D832A65F5B700F92746 /* HexColor +Ext.swift */ = {isa = PBXFileReference; lastKnownFileType = sourcecode.swift; path = "HexColor +Ext.swift"; sourceTree = "<group>"; };
		543EC7532A66ECD200B3F443 /* TabBarSelectionManager.swift */ = {isa = PBXFileReference; lastKnownFileType = sourcecode.swift; path = TabBarSelectionManager.swift; sourceTree = "<group>"; };
		54A240782A6739CD000BABC6 /* Course.swift */ = {isa = PBXFileReference; fileEncoding = 4; lastKnownFileType = sourcecode.swift; path = Course.swift; sourceTree = "<group>"; };
		54A240792A6739CD000BABC6 /* CourseSection.swift */ = {isa = PBXFileReference; fileEncoding = 4; lastKnownFileType = sourcecode.swift; path = CourseSection.swift; sourceTree = "<group>"; };
		54A2407C2A6739F2000BABC6 /* VCard.swift */ = {isa = PBXFileReference; lastKnownFileType = sourcecode.swift; path = VCard.swift; sourceTree = "<group>"; };
		54A2407E2A674043000BABC6 /* HCard.swift */ = {isa = PBXFileReference; lastKnownFileType = sourcecode.swift; path = HCard.swift; sourceTree = "<group>"; };
		54A240802A6741B9000BABC6 /* HomeView.swift */ = {isa = PBXFileReference; lastKnownFileType = sourcecode.swift; path = HomeView.swift; sourceTree = "<group>"; };
		54A240822A67F75C000BABC6 /* SideMenu.swift */ = {isa = PBXFileReference; lastKnownFileType = sourcecode.swift; path = SideMenu.swift; sourceTree = "<group>"; };
		54A240842A681349000BABC6 /* MenuItem.swift */ = {isa = PBXFileReference; lastKnownFileType = sourcecode.swift; path = MenuItem.swift; sourceTree = "<group>"; };
		54A240862A681AB3000BABC6 /* MenuRow.swift */ = {isa = PBXFileReference; lastKnownFileType = sourcecode.swift; path = MenuRow.swift; sourceTree = "<group>"; };
		54DA07382A66B8D100B771EB /* TabBar.swift */ = {isa = PBXFileReference; lastKnownFileType = sourcecode.swift; path = TabBar.swift; sourceTree = "<group>"; };
		54DA073A2A66BAB100B771EB /* TabItemModel.swift */ = {isa = PBXFileReference; lastKnownFileType = sourcecode.swift; path = TabItemModel.swift; sourceTree = "<group>"; };
		54F72EF22A65C71F00C2168A /* Animated.app */ = {isa = PBXFileReference; explicitFileType = wrapper.application; includeInIndex = 0; path = Animated.app; sourceTree = BUILT_PRODUCTS_DIR; };
		54F72EF52A65C71F00C2168A /* AnimatedApp.swift */ = {isa = PBXFileReference; lastKnownFileType = sourcecode.swift; path = AnimatedApp.swift; sourceTree = "<group>"; };
		54F72EF72A65C71F00C2168A /* ContentView.swift */ = {isa = PBXFileReference; lastKnownFileType = sourcecode.swift; path = ContentView.swift; sourceTree = "<group>"; };
		54F72EF92A65C72100C2168A /* Assets.xcassets */ = {isa = PBXFileReference; lastKnownFileType = folder.assetcatalog; path = Assets.xcassets; sourceTree = "<group>"; };
		54F72EFC2A65C72100C2168A /* Preview Assets.xcassets */ = {isa = PBXFileReference; lastKnownFileType = folder.assetcatalog; path = "Preview Assets.xcassets"; sourceTree = "<group>"; };
		54F72F042A65C7EC00C2168A /* house.riv */ = {isa = PBXFileReference; lastKnownFileType = file; path = house.riv; sourceTree = "<group>"; };
		54F72F052A65C7EC00C2168A /* confetti.riv */ = {isa = PBXFileReference; lastKnownFileType = file; path = confetti.riv; sourceTree = "<group>"; };
		54F72F062A65C7EC00C2168A /* check.riv */ = {isa = PBXFileReference; lastKnownFileType = file; path = check.riv; sourceTree = "<group>"; };
		54F72F072A65C7ED00C2168A /* menu_button.riv */ = {isa = PBXFileReference; lastKnownFileType = file; path = menu_button.riv; sourceTree = "<group>"; };
		54F72F082A65C7ED00C2168A /* shapes.riv */ = {isa = PBXFileReference; lastKnownFileType = file; path = shapes.riv; sourceTree = "<group>"; };
		54F72F092A65C7ED00C2168A /* button.riv */ = {isa = PBXFileReference; lastKnownFileType = file; path = button.riv; sourceTree = "<group>"; };
		54F72F0A2A65C7ED00C2168A /* icons.riv */ = {isa = PBXFileReference; lastKnownFileType = file; path = icons.riv; sourceTree = "<group>"; };
		54F72F182A65C8D100C2168A /* OnboardingView.swift */ = {isa = PBXFileReference; lastKnownFileType = sourcecode.swift; path = OnboardingView.swift; sourceTree = "<group>"; };
		54F72F1B2A65D29200C2168A /* Inter-Regular.ttf */ = {isa = PBXFileReference; lastKnownFileType = file; path = "Inter-Regular.ttf"; sourceTree = "<group>"; };
		54F72F1C2A65D29200C2168A /* Poppins-Bold.ttf */ = {isa = PBXFileReference; lastKnownFileType = file; path = "Poppins-Bold.ttf"; sourceTree = "<group>"; };
		54F72F1D2A65D29200C2168A /* Inter-SemiBold.ttf */ = {isa = PBXFileReference; lastKnownFileType = file; path = "Inter-SemiBold.ttf"; sourceTree = "<group>"; };
		54F72F212A65D2C900C2168A /* Info.plist */ = {isa = PBXFileReference; lastKnownFileType = text.plist; path = Info.plist; sourceTree = "<group>"; };
		54F72F232A65D56F00C2168A /* CustomFont.swift */ = {isa = PBXFileReference; lastKnownFileType = sourcecode.swift; path = CustomFont.swift; sourceTree = "<group>"; };
		54F72F252A65DB0D00C2168A /* SignInView.swift */ = {isa = PBXFileReference; lastKnownFileType = sourcecode.swift; path = SignInView.swift; sourceTree = "<group>"; };
		54F72F272A65E0E000C2168A /* CustomTextField.swift */ = {isa = PBXFileReference; lastKnownFileType = sourcecode.swift; path = CustomTextField.swift; sourceTree = "<group>"; };
/* End PBXFileReference section */

/* Begin PBXFrameworksBuildPhase section */
		54F72EEF2A65C71F00C2168A /* Frameworks */ = {
			isa = PBXFrameworksBuildPhase;
			buildActionMask = 2147483647;
			files = (
				54F72F142A65C88E00C2168A /* RiveRuntime in Frameworks */,
			);
			runOnlyForDeploymentPostprocessing = 0;
		};
/* End PBXFrameworksBuildPhase section */

/* Begin PBXGroup section */
		541A8D802A65F44500F92746 /* Extensions */ = {
			isa = PBXGroup;
			children = (
				541A8D812A65F45200F92746 /* CornerRadius +Ext.swift */,
				541A8D832A65F5B700F92746 /* HexColor +Ext.swift */,
			);
			path = Extensions;
			sourceTree = "<group>";
		};
		54F72EE92A65C71F00C2168A = {
			isa = PBXGroup;
			children = (
				54F72EF42A65C71F00C2168A /* Animated */,
				54F72EF32A65C71F00C2168A /* Products */,
			);
			sourceTree = "<group>";
		};
		54F72EF32A65C71F00C2168A /* Products */ = {
			isa = PBXGroup;
			children = (
				54F72EF22A65C71F00C2168A /* Animated.app */,
			);
			name = Products;
			sourceTree = "<group>";
		};
		54F72EF42A65C71F00C2168A /* Animated */ = {
			isa = PBXGroup;
			children = (
				54F72EF52A65C71F00C2168A /* AnimatedApp.swift */,
				54F72F212A65D2C900C2168A /* Info.plist */,
				541A8D802A65F44500F92746 /* Extensions */,
				54F72F172A65C8BE00C2168A /* View */,
				54F72F162A65C8B800C2168A /* Model */,
				54F72F152A65C8AF00C2168A /* ViewModel */,
				54F72EF92A65C72100C2168A /* Assets.xcassets */,
				54F72F1A2A65D29200C2168A /* Fonts */,
				54F72F032A65C7EC00C2168A /* RiveAssets */,
				54F72EFB2A65C72100C2168A /* Preview Content */,
			);
			path = Animated;
			sourceTree = "<group>";
		};
		54F72EFB2A65C72100C2168A /* Preview Content */ = {
			isa = PBXGroup;
			children = (
				54F72EFC2A65C72100C2168A /* Preview Assets.xcassets */,
			);
			path = "Preview Content";
			sourceTree = "<group>";
		};
		54F72F032A65C7EC00C2168A /* RiveAssets */ = {
			isa = PBXGroup;
			children = (
				540ADBC12A6860B800185862 /* AYY Section.riv */,
				54F72F042A65C7EC00C2168A /* house.riv */,
				54F72F052A65C7EC00C2168A /* confetti.riv */,
				54F72F062A65C7EC00C2168A /* check.riv */,
				54F72F072A65C7ED00C2168A /* menu_button.riv */,
				54F72F082A65C7ED00C2168A /* shapes.riv */,
				54F72F092A65C7ED00C2168A /* button.riv */,
				54F72F0A2A65C7ED00C2168A /* icons.riv */,
			);
			path = RiveAssets;
			sourceTree = "<group>";
		};
		54F72F152A65C8AF00C2168A /* ViewModel */ = {
			isa = PBXGroup;
			children = (
				543EC7532A66ECD200B3F443 /* TabBarSelectionManager.swift */,
			);
			path = ViewModel;
			sourceTree = "<group>";
		};
		54F72F162A65C8B800C2168A /* Model */ = {
			isa = PBXGroup;
			children = (
				54DA073A2A66BAB100B771EB /* TabItemModel.swift */,
				54A240782A6739CD000BABC6 /* Course.swift */,
				54A240792A6739CD000BABC6 /* CourseSection.swift */,
				54A240842A681349000BABC6 /* MenuItem.swift */,
			);
			path = Model;
			sourceTree = "<group>";
		};
		54F72F172A65C8BE00C2168A /* View */ = {
			isa = PBXGroup;
			children = (
				54F72F222A65D55100C2168A /* UIHelpers */,
				54F72EF72A65C71F00C2168A /* ContentView.swift */,
				54F72F182A65C8D100C2168A /* OnboardingView.swift */,
				54F72F252A65DB0D00C2168A /* SignInView.swift */,
				54A240802A6741B9000BABC6 /* HomeView.swift */,
			);
			path = View;
			sourceTree = "<group>";
		};
		54F72F1A2A65D29200C2168A /* Fonts */ = {
			isa = PBXGroup;
			children = (
				54F72F1B2A65D29200C2168A /* Inter-Regular.ttf */,
				54F72F1C2A65D29200C2168A /* Poppins-Bold.ttf */,
				54F72F1D2A65D29200C2168A /* Inter-SemiBold.ttf */,
			);
			path = Fonts;
			sourceTree = "<group>";
		};
		54F72F222A65D55100C2168A /* UIHelpers */ = {
			isa = PBXGroup;
			children = (
				54F72F232A65D56F00C2168A /* CustomFont.swift */,
				54F72F272A65E0E000C2168A /* CustomTextField.swift */,
				54DA07382A66B8D100B771EB /* TabBar.swift */,
				54A2407C2A6739F2000BABC6 /* VCard.swift */,
				54A2407E2A674043000BABC6 /* HCard.swift */,
				54A240822A67F75C000BABC6 /* SideMenu.swift */,
				54A240862A681AB3000BABC6 /* MenuRow.swift */,
			);
			path = UIHelpers;
			sourceTree = "<group>";
		};
/* End PBXGroup section */

/* Begin PBXNativeTarget section */
		54F72EF12A65C71F00C2168A /* Animated */ = {
			isa = PBXNativeTarget;
			buildConfigurationList = 54F72F002A65C72100C2168A /* Build configuration list for PBXNativeTarget "Animated" */;
			buildPhases = (
				54F72EEE2A65C71F00C2168A /* Sources */,
				54F72EEF2A65C71F00C2168A /* Frameworks */,
				54F72EF02A65C71F00C2168A /* Resources */,
			);
			buildRules = (
			);
			dependencies = (
			);
			name = Animated;
			packageProductDependencies = (
				54F72F132A65C88E00C2168A /* RiveRuntime */,
			);
			productName = Animated;
			productReference = 54F72EF22A65C71F00C2168A /* Animated.app */;
			productType = "com.apple.product-type.application";
		};
/* End PBXNativeTarget section */

/* Begin PBXProject section */
		54F72EEA2A65C71F00C2168A /* Project object */ = {
			isa = PBXProject;
			attributes = {
				BuildIndependentTargetsInParallel = 1;
				LastSwiftUpdateCheck = 1430;
				LastUpgradeCheck = 1430;
				TargetAttributes = {
					54F72EF12A65C71F00C2168A = {
						CreatedOnToolsVersion = 14.3.1;
					};
				};
			};
			buildConfigurationList = 54F72EED2A65C71F00C2168A /* Build configuration list for PBXProject "Animated" */;
			compatibilityVersion = "Xcode 14.0";
			developmentRegion = en;
			hasScannedForEncodings = 0;
			knownRegions = (
				en,
				Base,
			);
			mainGroup = 54F72EE92A65C71F00C2168A;
			packageReferences = (
				54F72F122A65C88D00C2168A /* XCRemoteSwiftPackageReference "rive-ios" */,
			);
			productRefGroup = 54F72EF32A65C71F00C2168A /* Products */;
			projectDirPath = "";
			projectRoot = "";
			targets = (
				54F72EF12A65C71F00C2168A /* Animated */,
			);
		};
/* End PBXProject section */

/* Begin PBXResourcesBuildPhase section */
		54F72EF02A65C71F00C2168A /* Resources */ = {
			isa = PBXResourcesBuildPhase;
			buildActionMask = 2147483647;
			files = (
				54F72F202A65D29200C2168A /* Inter-SemiBold.ttf in Resources */,
				54F72F0F2A65C7ED00C2168A /* shapes.riv in Resources */,
				54F72F0D2A65C7ED00C2168A /* check.riv in Resources */,
				54F72EFD2A65C72100C2168A /* Preview Assets.xcassets in Resources */,
				54F72F0E2A65C7ED00C2168A /* menu_button.riv in Resources */,
				54F72F0B2A65C7ED00C2168A /* house.riv in Resources */,
				54F72F102A65C7ED00C2168A /* button.riv in Resources */,
				54F72F1E2A65D29200C2168A /* Inter-Regular.ttf in Resources */,
				54F72F1F2A65D29200C2168A /* Poppins-Bold.ttf in Resources */,
				54F72EFA2A65C72100C2168A /* Assets.xcassets in Resources */,
				54F72F0C2A65C7ED00C2168A /* confetti.riv in Resources */,
				54F72F112A65C7ED00C2168A /* icons.riv in Resources */,
			);
			runOnlyForDeploymentPostprocessing = 0;
		};
/* End PBXResourcesBuildPhase section */

/* Begin PBXSourcesBuildPhase section */
		54F72EEE2A65C71F00C2168A /* Sources */ = {
			isa = PBXSourcesBuildPhase;
			buildActionMask = 2147483647;
			files = (
				54A240812A6741B9000BABC6 /* HomeView.swift in Sources */,
				54A2407F2A674043000BABC6 /* HCard.swift in Sources */,
				54A2407A2A6739CD000BABC6 /* Course.swift in Sources */,
				54DA07392A66B8D100B771EB /* TabBar.swift in Sources */,
				54A2407D2A6739F2000BABC6 /* VCard.swift in Sources */,
				54F72F192A65C8D100C2168A /* OnboardingView.swift in Sources */,
				54F72F242A65D56F00C2168A /* CustomFont.swift in Sources */,
				541A8D822A65F45200F92746 /* CornerRadius +Ext.swift in Sources */,
				54A240832A67F75C000BABC6 /* SideMenu.swift in Sources */,
				543EC7542A66ECD200B3F443 /* TabBarSelectionManager.swift in Sources */,
				54DA073B2A66BAB100B771EB /* TabItemModel.swift in Sources */,
				54F72F282A65E0E000C2168A /* CustomTextField.swift in Sources */,
				54F72EF82A65C71F00C2168A /* ContentView.swift in Sources */,
				54A240872A681AB3000BABC6 /* MenuRow.swift in Sources */,
				54F72EF62A65C71F00C2168A /* AnimatedApp.swift in Sources */,
				54A2407B2A6739CD000BABC6 /* CourseSection.swift in Sources */,
				54A240852A681349000BABC6 /* MenuItem.swift in Sources */,
				541A8D842A65F5B700F92746 /* HexColor +Ext.swift in Sources */,
				54F72F262A65DB0D00C2168A /* SignInView.swift in Sources */,
			);
			runOnlyForDeploymentPostprocessing = 0;
		};
/* End PBXSourcesBuildPhase section */

/* Begin XCBuildConfiguration section */
		54F72EFE2A65C72100C2168A /* Debug */ = {
			isa = XCBuildConfiguration;
			buildSettings = {
				ALWAYS_SEARCH_USER_PATHS = NO;
				CLANG_ANALYZER_NONNULL = YES;
				CLANG_ANALYZER_NUMBER_OBJECT_CONVERSION = YES_AGGRESSIVE;
				CLANG_CXX_LANGUAGE_STANDARD = "gnu++20";
				CLANG_ENABLE_MODULES = YES;
				CLANG_ENABLE_OBJC_ARC = YES;
				CLANG_ENABLE_OBJC_WEAK = YES;
				CLANG_WARN_BLOCK_CAPTURE_AUTORELEASING = YES;
				CLANG_WARN_BOOL_CONVERSION = YES;
				CLANG_WARN_COMMA = YES;
				CLANG_WARN_CONSTANT_CONVERSION = YES;
				CLANG_WARN_DEPRECATED_OBJC_IMPLEMENTATIONS = YES;
				CLANG_WARN_DIRECT_OBJC_ISA_USAGE = YES_ERROR;
				CLANG_WARN_DOCUMENTATION_COMMENTS = YES;
				CLANG_WARN_EMPTY_BODY = YES;
				CLANG_WARN_ENUM_CONVERSION = YES;
				CLANG_WARN_INFINITE_RECURSION = YES;
				CLANG_WARN_INT_CONVERSION = YES;
				CLANG_WARN_NON_LITERAL_NULL_CONVERSION = YES;
				CLANG_WARN_OBJC_IMPLICIT_RETAIN_SELF = YES;
				CLANG_WARN_OBJC_LITERAL_CONVERSION = YES;
				CLANG_WARN_OBJC_ROOT_CLASS = YES_ERROR;
				CLANG_WARN_QUOTED_INCLUDE_IN_FRAMEWORK_HEADER = YES;
				CLANG_WARN_RANGE_LOOP_ANALYSIS = YES;
				CLANG_WARN_STRICT_PROTOTYPES = YES;
				CLANG_WARN_SUSPICIOUS_MOVE = YES;
				CLANG_WARN_UNGUARDED_AVAILABILITY = YES_AGGRESSIVE;
				CLANG_WARN_UNREACHABLE_CODE = YES;
				CLANG_WARN__DUPLICATE_METHOD_MATCH = YES;
				COPY_PHASE_STRIP = NO;
				DEBUG_INFORMATION_FORMAT = dwarf;
				ENABLE_STRICT_OBJC_MSGSEND = YES;
				ENABLE_TESTABILITY = YES;
				GCC_C_LANGUAGE_STANDARD = gnu11;
				GCC_DYNAMIC_NO_PIC = NO;
				GCC_NO_COMMON_BLOCKS = YES;
				GCC_OPTIMIZATION_LEVEL = 0;
				GCC_PREPROCESSOR_DEFINITIONS = (
					"DEBUG=1",
					"$(inherited)",
				);
				GCC_WARN_64_TO_32_BIT_CONVERSION = YES;
				GCC_WARN_ABOUT_RETURN_TYPE = YES_ERROR;
				GCC_WARN_UNDECLARED_SELECTOR = YES;
				GCC_WARN_UNINITIALIZED_AUTOS = YES_AGGRESSIVE;
				GCC_WARN_UNUSED_FUNCTION = YES;
				GCC_WARN_UNUSED_VARIABLE = YES;
				IPHONEOS_DEPLOYMENT_TARGET = 16.4;
				MTL_ENABLE_DEBUG_INFO = INCLUDE_SOURCE;
				MTL_FAST_MATH = YES;
				ONLY_ACTIVE_ARCH = YES;
				SDKROOT = iphoneos;
				SWIFT_ACTIVE_COMPILATION_CONDITIONS = DEBUG;
				SWIFT_OPTIMIZATION_LEVEL = "-Onone";
			};
			name = Debug;
		};
		54F72EFF2A65C72100C2168A /* Release */ = {
			isa = XCBuildConfiguration;
			buildSettings = {
				ALWAYS_SEARCH_USER_PATHS = NO;
				CLANG_ANALYZER_NONNULL = YES;
				CLANG_ANALYZER_NUMBER_OBJECT_CONVERSION = YES_AGGRESSIVE;
				CLANG_CXX_LANGUAGE_STANDARD = "gnu++20";
				CLANG_ENABLE_MODULES = YES;
				CLANG_ENABLE_OBJC_ARC = YES;
				CLANG_ENABLE_OBJC_WEAK = YES;
				CLANG_WARN_BLOCK_CAPTURE_AUTORELEASING = YES;
				CLANG_WARN_BOOL_CONVERSION = YES;
				CLANG_WARN_COMMA = YES;
				CLANG_WARN_CONSTANT_CONVERSION = YES;
				CLANG_WARN_DEPRECATED_OBJC_IMPLEMENTATIONS = YES;
				CLANG_WARN_DIRECT_OBJC_ISA_USAGE = YES_ERROR;
				CLANG_WARN_DOCUMENTATION_COMMENTS = YES;
				CLANG_WARN_EMPTY_BODY = YES;
				CLANG_WARN_ENUM_CONVERSION = YES;
				CLANG_WARN_INFINITE_RECURSION = YES;
				CLANG_WARN_INT_CONVERSION = YES;
				CLANG_WARN_NON_LITERAL_NULL_CONVERSION = YES;
				CLANG_WARN_OBJC_IMPLICIT_RETAIN_SELF = YES;
				CLANG_WARN_OBJC_LITERAL_CONVERSION = YES;
				CLANG_WARN_OBJC_ROOT_CLASS = YES_ERROR;
				CLANG_WARN_QUOTED_INCLUDE_IN_FRAMEWORK_HEADER = YES;
				CLANG_WARN_RANGE_LOOP_ANALYSIS = YES;
				CLANG_WARN_STRICT_PROTOTYPES = YES;
				CLANG_WARN_SUSPICIOUS_MOVE = YES;
				CLANG_WARN_UNGUARDED_AVAILABILITY = YES_AGGRESSIVE;
				CLANG_WARN_UNREACHABLE_CODE = YES;
				CLANG_WARN__DUPLICATE_METHOD_MATCH = YES;
				COPY_PHASE_STRIP = NO;
				DEBUG_INFORMATION_FORMAT = "dwarf-with-dsym";
				ENABLE_NS_ASSERTIONS = NO;
				ENABLE_STRICT_OBJC_MSGSEND = YES;
				GCC_C_LANGUAGE_STANDARD = gnu11;
				GCC_NO_COMMON_BLOCKS = YES;
				GCC_WARN_64_TO_32_BIT_CONVERSION = YES;
				GCC_WARN_ABOUT_RETURN_TYPE = YES_ERROR;
				GCC_WARN_UNDECLARED_SELECTOR = YES;
				GCC_WARN_UNINITIALIZED_AUTOS = YES_AGGRESSIVE;
				GCC_WARN_UNUSED_FUNCTION = YES;
				GCC_WARN_UNUSED_VARIABLE = YES;
				IPHONEOS_DEPLOYMENT_TARGET = 16.4;
				MTL_ENABLE_DEBUG_INFO = NO;
				MTL_FAST_MATH = YES;
				SDKROOT = iphoneos;
				SWIFT_COMPILATION_MODE = wholemodule;
				SWIFT_OPTIMIZATION_LEVEL = "-O";
				VALIDATE_PRODUCT = YES;
			};
			name = Release;
		};
		54F72F012A65C72100C2168A /* Debug */ = {
			isa = XCBuildConfiguration;
			buildSettings = {
				ASSETCATALOG_COMPILER_APPICON_NAME = AppIcon;
				ASSETCATALOG_COMPILER_GLOBAL_ACCENT_COLOR_NAME = AccentColor;
				CODE_SIGN_STYLE = Automatic;
				CURRENT_PROJECT_VERSION = 1;
				DEVELOPMENT_ASSET_PATHS = "\"Animated/Preview Content\"";
				DEVELOPMENT_TEAM = NJ3YBT6N93;
				ENABLE_PREVIEWS = YES;
				GENERATE_INFOPLIST_FILE = YES;
				INFOPLIST_FILE = Animated/Info.plist;
				INFOPLIST_KEY_UIApplicationSceneManifest_Generation = YES;
				INFOPLIST_KEY_UIApplicationSupportsIndirectInputEvents = YES;
				INFOPLIST_KEY_UILaunchScreen_Generation = YES;
				INFOPLIST_KEY_UISupportedInterfaceOrientations_iPad = "UIInterfaceOrientationPortrait UIInterfaceOrientationPortraitUpsideDown UIInterfaceOrientationLandscapeLeft UIInterfaceOrientationLandscapeRight";
				INFOPLIST_KEY_UISupportedInterfaceOrientations_iPhone = "UIInterfaceOrientationPortrait UIInterfaceOrientationLandscapeLeft UIInterfaceOrientationLandscapeRight";
				LD_RUNPATH_SEARCH_PATHS = (
					"$(inherited)",
					"@executable_path/Frameworks",
				);
				MARKETING_VERSION = 1.0;
				PRODUCT_BUNDLE_IDENTIFIER = com.mertcankirci.Animated;
				PRODUCT_NAME = "$(TARGET_NAME)";
				SWIFT_EMIT_LOC_STRINGS = YES;
				SWIFT_VERSION = 5.0;
				TARGETED_DEVICE_FAMILY = "1,2";
			};
			name = Debug;
		};
		54F72F022A65C72100C2168A /* Release */ = {
			isa = XCBuildConfiguration;
			buildSettings = {
				ASSETCATALOG_COMPILER_APPICON_NAME = AppIcon;
				ASSETCATALOG_COMPILER_GLOBAL_ACCENT_COLOR_NAME = AccentColor;
				CODE_SIGN_STYLE = Automatic;
				CURRENT_PROJECT_VERSION = 1;
				DEVELOPMENT_ASSET_PATHS = "\"Animated/Preview Content\"";
				DEVELOPMENT_TEAM = NJ3YBT6N93;
				ENABLE_PREVIEWS = YES;
				GENERATE_INFOPLIST_FILE = YES;
				INFOPLIST_FILE = Animated/Info.plist;
				INFOPLIST_KEY_UIApplicationSceneManifest_Generation = YES;
				INFOPLIST_KEY_UIApplicationSupportsIndirectInputEvents = YES;
				INFOPLIST_KEY_UILaunchScreen_Generation = YES;
				INFOPLIST_KEY_UISupportedInterfaceOrientations_iPad = "UIInterfaceOrientationPortrait UIInterfaceOrientationPortraitUpsideDown UIInterfaceOrientationLandscapeLeft UIInterfaceOrientationLandscapeRight";
				INFOPLIST_KEY_UISupportedInterfaceOrientations_iPhone = "UIInterfaceOrientationPortrait UIInterfaceOrientationLandscapeLeft UIInterfaceOrientationLandscapeRight";
				LD_RUNPATH_SEARCH_PATHS = (
					"$(inherited)",
					"@executable_path/Frameworks",
				);
				MARKETING_VERSION = 1.0;
				PRODUCT_BUNDLE_IDENTIFIER = com.mertcankirci.Animated;
				PRODUCT_NAME = "$(TARGET_NAME)";
				SWIFT_EMIT_LOC_STRINGS = YES;
				SWIFT_VERSION = 5.0;
				TARGETED_DEVICE_FAMILY = "1,2";
			};
			name = Release;
		};
/* End XCBuildConfiguration section */

/* Begin XCConfigurationList section */
		54F72EED2A65C71F00C2168A /* Build configuration list for PBXProject "Animated" */ = {
			isa = XCConfigurationList;
			buildConfigurations = (
				54F72EFE2A65C72100C2168A /* Debug */,
				54F72EFF2A65C72100C2168A /* Release */,
			);
			defaultConfigurationIsVisible = 0;
			defaultConfigurationName = Release;
		};
		54F72F002A65C72100C2168A /* Build configuration list for PBXNativeTarget "Animated" */ = {
			isa = XCConfigurationList;
			buildConfigurations = (
				54F72F012A65C72100C2168A /* Debug */,
				54F72F022A65C72100C2168A /* Release */,
			);
			defaultConfigurationIsVisible = 0;
			defaultConfigurationName = Release;
		};
/* End XCConfigurationList section */

/* Begin XCRemoteSwiftPackageReference section */
		54F72F122A65C88D00C2168A /* XCRemoteSwiftPackageReference "rive-ios" */ = {
			isa = XCRemoteSwiftPackageReference;
			repositoryURL = "https://github.com/rive-app/rive-ios";
			requirement = {
				kind = upToNextMajorVersion;
				minimumVersion = 4.0.0;
			};
		};
/* End XCRemoteSwiftPackageReference section */

/* Begin XCSwiftPackageProductDependency section */
		54F72F132A65C88E00C2168A /* RiveRuntime */ = {
			isa = XCSwiftPackageProductDependency;
			package = 54F72F122A65C88D00C2168A /* XCRemoteSwiftPackageReference "rive-ios" */;
			productName = RiveRuntime;
		};
/* End XCSwiftPackageProductDependency section */
	};
	rootObject = 54F72EEA2A65C71F00C2168A /* Project object */;
}
